github.com/aws/aws-sdk-go-v2 v1.39.5 h1:e/SXuia3rkFtapghJROrydtQpfQaaUgd1cUvyO1mp2w=
github.com/aws/aws-sdk-go-v2 v1.39.5/go.mod h1:yWSxrnioGUZ4WVv9TgMrNUeLV3PFESn/v+6T/Su8gnM=
github.com/aws/aws-sdk-go-v2/config v1.29.14 h1:f+eEi/2cKCg9pqKBoAIwRGzVb70MRKqWX4dg1BDcSJM=
github.com/aws/aws-sdk-go-v2/config v1.29.14/go.mod h1:wVPHWcIFv3WO89w0rE10gzf17ZYy+UVS1Geq8Iei34g=
github.com/aws/aws-sdk-go-v2/credentials v1.17.67 h1:9KxtdcIA/5xPNQyZRgUSpYOE6j9Bc4+D7nZua0KGYOM=
github.com/aws/aws-sdk-go-v2/credentials v1.17.67/go.mod h1:p3C44m+cfnbv763s52gCqrjaqyPikj9Sg47kUVaNZQQ=
github.com/aws/aws-sdk-go-v2/feature/ec2/imds v1.16.30 h1:x793wxmUWVDhshP8WW2mlnXuFrO4cOd3HLBroh1paFw=
github.com/aws/aws-sdk-go-v2/feature/ec2/imds v1.16.30/go.mod h1:Jpne2tDnYiFascUEs2AWHJL9Yp7A5ZVy3TNyxaAjD6M=
github.com/aws/aws-sdk-go-v2/internal/configsources v1.4.12 h1:p/9flfXdoAnwJnuW9xHEAFY22R3A6skYkW19JFF9F+8=
github.com/aws/aws-sdk-go-v2/internal/configsources v1.4.12/go.mod h1:ZTLHakoVCTtW8AaLGSwJ3LXqHD9uQKnOcv1TrpO6u2k=
github.com/aws/aws-sdk-go-v2/internal/endpoints/v2 v2.7.12 h1:2lTWFvRcnWFFLzHWmtddu5MTchc5Oj2OOey++99tPZ0=
github.com/aws/aws-sdk-go-v2/internal/endpoints/v2 v2.7.12/go.mod h1:hI92pK+ho8HVcWMHKHrK3Uml4pfG7wvL86FzO0LVtQQ=
github.com/aws/aws-sdk-go-v2/internal/ini v1.8.3 h1:bIqFDwgGXXN1Kpp99pDOdKMTTb5d2KyU5X/BZxjOkRo=
github.com/aws/aws-sdk-go-v2/internal/ini v1.8.3/go.mod h1:H5O/EsxDWyU+LP/V8i5sm8cxoZgc2fdNR9bxlOFrQTo=
github.com/aws/aws-sdk-go-v2/service/ecr v1.51.1 h1:1G4mc5St/5fsa+eKOY/zABuzSRqv0CeUL5Epk5/HYrE=
github.com/aws/aws-sdk-go-v2/service/ecr v1.51.1/go.mod h1:2nWjy9RsAoNBrG9x+XddEg43nDd1q3fMeGlVYeYrW6M=
github.com/aws/aws-sdk-go-v2/service/internal/accept-encoding v1.12.3 h1:eAh2A4b5IzM/lum78bZ590jy36+d/aFLgKF/4Vd1xPE=
github.com/aws/aws-sdk-go-v2/service/internal/accept-encoding v1.12.3/go.mod h1:0yKJC/kb8sAnmlYa6Zs3QVYqaC8ug2AbnNChv5Ox3uA=
github.com/aws/aws-sdk-go-v2/service/internal/presigned-url v1.12.15 h1:dM9/92u2F1JbDaGooxTq18wmmFzbJRfXfVfy96/1CXM=
github.com/aws/aws-sdk-go-v2/service/internal/presigned-url v1.12.15/go.mod h1:SwFBy2vjtA0vZbjjaFtfN045boopadnoVPhu4Fv66vY=
github.com/aws/aws-sdk-go-v2/service/sso v1.25.3 h1:1Gw+9ajCV1jogloEv1RRnvfRFia2cL6c9cuKV2Ps+G8=
github.com/aws/aws-sdk-go-v2/service/sso v1.25.3/go.mod h1:qs4a9T5EMLl/Cajiw2TcbNt2UNo/Hqlyp+GiuG4CFDI=
github.com/aws/aws-sdk-go-v2/service/ssooidc v1.30.1 h1:hXmVKytPfTy5axZ+fYbR5d0cFmC3JvwLm5kM83luako=
github.com/aws/aws-sdk-go-v2/service/ssooidc v1.30.1/go.mod h1:MlYRNmYu/fGPoxBQVvBYr9nyr948aY/WLUvwBMBJubs=
github.com/aws/aws-sdk-go-v2/service/sts v1.33.19 h1:1XuUZ8mYJw9B6lzAkXhqHlJd/XvaX32evhproijJEZY=
github.com/aws/aws-sdk-go-v2/service/sts v1.33.19/go.mod h1:cQnB8CUnxbMU82JvlqjKR2HBOm3fe9pWorWBza6MBJ4=
github.com/aws/smithy-go v1.23.1 h1:sLvcH6dfAFwGkHLZ7dGiYF7aK6mg4CgKA/iDKjLDt9M=
github.com/aws/smithy-go v1.23.1/go.mod h1:LEj2LM3rBRQJxPZTB4KuzZkaZYnZPnvgIhb4pu07mx0=
